
Microsoft Visual Studio Solution File, Format Version 12.00
# Visual Studio 15
VisualStudioVersion = 15.0.28010.2046
MinimumVisualStudioVersion = 10.0.40219.1
Project("{FAE04EC0-301F-11D3-BF4B-00C04F79EFBC}") = "zenfolio", "zenfolio\zenfolio.csproj", "{EE010B65-E6D0-4CD5-B4D9-EFA56476175D}"
EndProject
Global
	GlobalSection(SolutionConfigurationPlatforms) = preSolution
		Debug|Any CPU = Debug|Any CPU
		Release|Any CPU = Release|Any CPU
	EndGlobalSection
	GlobalSection(ProjectConfigurationPlatforms) = postSolution
		{EE010B65-E6D0-4CD5-B4D9-EFA56476175D}.Debug|Any CPU.ActiveCfg = Debug|Any CPU
		{EE010B65-E6D0-4CD5-B4D9-EFA56476175D}.Debug|Any CPU.Build.0 = Debug|Any CPU
		{EE010B65-E6D0-4CD5-B4D9-EFA56476175D}.Release|Any CPU.ActiveCfg = Release|Any CPU
		{EE010B65-E6D0-4CD5-B4D9-EFA56476175D}.Release|Any CPU.Build.0 = Release|Any CPU
	EndGlobalSection
	GlobalSection(SolutionProperties) = preSolution
		HideSolutionNode = FALSE
	EndGlobalSection
	GlobalSection(ExtensibilityGlobals) = postSolution
		SolutionGuid = {B3D73597-88D9-4481-BE4A-835660BE7D3E}
	EndGlobalSection
EndGlobal
